// !$*UTF8*$!
{
	archiveVersion = 1;
	classes = {
	};
	objectVersion = 60;
	objects = {

/* Begin PBXBuildFile section */
		264256822B5ED70A00010D91 /* CoursesUxMiamFramework in Frameworks */ = {isa = PBXBuildFile; productRef = 264256812B5ED70A00010D91 /* CoursesUxMiamFramework */; };
		264256842B5ED7DF00010D91 /* MealzViewConfig.swift in Sources */ = {isa = PBXBuildFile; fileRef = 264256832B5ED7DF00010D91 /* MealzViewConfig.swift */; };
		264256872B5ED82800010D91 /* MealzUIModuleIOS in Frameworks */ = {isa = PBXBuildFile; productRef = 264256862B5ED82800010D91 /* MealzUIModuleIOS */; };
		2642568A2B5ED83200010D91 /* MealzNavModuleIOS in Frameworks */ = {isa = PBXBuildFile; productRef = 264256892B5ED83200010D91 /* MealzNavModuleIOS */; };
		264256942B5EE08400010D91 /* MiamManager.swift in Sources */ = {isa = PBXBuildFile; fileRef = 2642568E2B5EE07600010D91 /* MiamManager.swift */; };
		264256952B5EE08400010D91 /* DemoBasketService.swift in Sources */ = {isa = PBXBuildFile; fileRef = 2642568F2B5EE07600010D91 /* DemoBasketService.swift */; };
		264256962B5EE08400010D91 /* PretendBasketViewController.swift in Sources */ = {isa = PBXBuildFile; fileRef = 264256912B5EE07600010D91 /* PretendBasketViewController.swift */; };
		264256972B5EE08400010D91 /* PretendProduct.swift in Sources */ = {isa = PBXBuildFile; fileRef = 264256922B5EE07600010D91 /* PretendProduct.swift */; };
		264256982B5EE08400010D91 /* PretendBasket.swift in Sources */ = {isa = PBXBuildFile; fileRef = 264256932B5EE07600010D91 /* PretendBasket.swift */; };
		26446FA72A6A7C8500395150 /* CoursesUxMiamFramework in Frameworks */ = {isa = PBXBuildFile; productRef = 26446FA62A6A7C8500395150 /* CoursesUxMiamFramework */; };
		264B06862B6A8ED8001D219D /* FirebaseAppDistribution-Beta in Frameworks */ = {isa = PBXBuildFile; productRef = 264B06852B6A8ED8001D219D /* FirebaseAppDistribution-Beta */; };
		2672FED02A49C51000D59745 /* RecipeCardHostingTableViewCell.swift in Sources */ = {isa = PBXBuildFile; fileRef = 2672FECF2A49C51000D59745 /* RecipeCardHostingTableViewCell.swift */; };
		2672FEE22A4C3EAB00D59745 /* DiscloseViewController.swift in Sources */ = {isa = PBXBuildFile; fileRef = 2672FEE12A4C3EAB00D59745 /* DiscloseViewController.swift */; };
		26B2A4072B6BE366008D8EBF /* GoogleService-Info.plist in Resources */ = {isa = PBXBuildFile; fileRef = 26B2A4062B6BE366008D8EBF /* GoogleService-Info.plist */; };
		26BE7E6F2A5C05C300F5F6FE /* .gitignore in Resources */ = {isa = PBXBuildFile; fileRef = 26BE7E6E2A5C05C200F5F6FE /* .gitignore */; };
		BF85057B28578EF800651864 /* AppDelegate.swift in Sources */ = {isa = PBXBuildFile; fileRef = BF85057A28578EF800651864 /* AppDelegate.swift */; };
		BF85057D28578EF800651864 /* SceneDelegate.swift in Sources */ = {isa = PBXBuildFile; fileRef = BF85057C28578EF800651864 /* SceneDelegate.swift */; };
		BF85058228578EF800651864 /* Main.storyboard in Resources */ = {isa = PBXBuildFile; fileRef = BF85058028578EF800651864 /* Main.storyboard */; };
		BF85058428578EFA00651864 /* Assets.xcassets in Resources */ = {isa = PBXBuildFile; fileRef = BF85058328578EFA00651864 /* Assets.xcassets */; };
		BF85058728578EFA00651864 /* LaunchScreen.storyboard in Resources */ = {isa = PBXBuildFile; fileRef = BF85058528578EFA00651864 /* LaunchScreen.storyboard */; };
/* End PBXBuildFile section */

/* Begin PBXFileReference section */
		264256832B5ED7DF00010D91 /* MealzViewConfig.swift */ = {isa = PBXFileReference; lastKnownFileType = sourcecode.swift; path = MealzViewConfig.swift; sourceTree = "<group>"; };
		2642568E2B5EE07600010D91 /* MiamManager.swift */ = {isa = PBXFileReference; lastKnownFileType = sourcecode.swift; path = MiamManager.swift; sourceTree = "<group>"; };
		2642568F2B5EE07600010D91 /* DemoBasketService.swift */ = {isa = PBXFileReference; lastKnownFileType = sourcecode.swift; path = DemoBasketService.swift; sourceTree = "<group>"; };
		264256912B5EE07600010D91 /* PretendBasketViewController.swift */ = {isa = PBXFileReference; lastKnownFileType = sourcecode.swift; path = PretendBasketViewController.swift; sourceTree = "<group>"; };
		264256922B5EE07600010D91 /* PretendProduct.swift */ = {isa = PBXFileReference; lastKnownFileType = sourcecode.swift; path = PretendProduct.swift; sourceTree = "<group>"; };
		264256932B5EE07600010D91 /* PretendBasket.swift */ = {isa = PBXFileReference; lastKnownFileType = sourcecode.swift; path = PretendBasket.swift; sourceTree = "<group>"; };
		2672FECF2A49C51000D59745 /* RecipeCardHostingTableViewCell.swift */ = {isa = PBXFileReference; lastKnownFileType = sourcecode.swift; path = RecipeCardHostingTableViewCell.swift; sourceTree = "<group>"; };
		2672FEE12A4C3EAB00D59745 /* DiscloseViewController.swift */ = {isa = PBXFileReference; lastKnownFileType = sourcecode.swift; path = DiscloseViewController.swift; sourceTree = "<group>"; };
		26B2A4062B6BE366008D8EBF /* GoogleService-Info.plist */ = {isa = PBXFileReference; lastKnownFileType = text.plist.xml; path = "GoogleService-Info.plist"; sourceTree = "<group>"; };
		26B2A40A2B72741D008D8EBF /* en */ = {isa = PBXFileReference; lastKnownFileType = text.plist.strings; name = en; path = en.lproj/Main.strings; sourceTree = "<group>"; };
		26B2A40B2B72741D008D8EBF /* en */ = {isa = PBXFileReference; lastKnownFileType = text.plist.strings; name = en; path = en.lproj/LaunchScreen.strings; sourceTree = "<group>"; };
		26BE7E6E2A5C05C200F5F6FE /* .gitignore */ = {isa = PBXFileReference; lastKnownFileType = text; path = .gitignore; sourceTree = "<group>"; };
		BF85057728578EF800651864 /* CoursesUDemo.app */ = {isa = PBXFileReference; explicitFileType = wrapper.application; includeInIndex = 0; path = CoursesUDemo.app; sourceTree = BUILT_PRODUCTS_DIR; };
		BF85057A28578EF800651864 /* AppDelegate.swift */ = {isa = PBXFileReference; lastKnownFileType = sourcecode.swift; path = AppDelegate.swift; sourceTree = "<group>"; };
		BF85057C28578EF800651864 /* SceneDelegate.swift */ = {isa = PBXFileReference; lastKnownFileType = sourcecode.swift; path = SceneDelegate.swift; sourceTree = "<group>"; };
		BF85058128578EF800651864 /* Base */ = {isa = PBXFileReference; lastKnownFileType = file.storyboard; name = Base; path = Base.lproj/Main.storyboard; sourceTree = "<group>"; };
		BF85058328578EFA00651864 /* Assets.xcassets */ = {isa = PBXFileReference; lastKnownFileType = folder.assetcatalog; path = Assets.xcassets; sourceTree = "<group>"; };
		BF85058628578EFA00651864 /* Base */ = {isa = PBXFileReference; lastKnownFileType = file.storyboard; name = Base; path = Base.lproj/LaunchScreen.storyboard; sourceTree = "<group>"; };
		BF85058828578EFA00651864 /* Info.plist */ = {isa = PBXFileReference; lastKnownFileType = text.plist.xml; path = Info.plist; sourceTree = "<group>"; };
/* End PBXFileReference section */

/* Begin PBXFrameworksBuildPhase section */
		BF85057428578EF800651864 /* Frameworks */ = {
			isa = PBXFrameworksBuildPhase;
			buildActionMask = 2147483647;
			files = (
				2642568A2B5ED83200010D91 /* MealzNavModuleIOS in Frameworks */,
				26446FA72A6A7C8500395150 /* CoursesUxMiamFramework in Frameworks */,
				264B06862B6A8ED8001D219D /* FirebaseAppDistribution-Beta in Frameworks */,
				264256822B5ED70A00010D91 /* CoursesUxMiamFramework in Frameworks */,
				264256872B5ED82800010D91 /* MealzUIModuleIOS in Frameworks */,
			);
			runOnlyForDeploymentPostprocessing = 0;
		};
/* End PBXFrameworksBuildPhase section */

/* Begin PBXGroup section */
		1AE3A23B7AB6AC351670F417 /* Frameworks */ = {
			isa = PBXGroup;
			children = (
			);
			name = Frameworks;
			sourceTree = "<group>";
		};
		2642568D2B5EE07600010D91 /* MiamInit */ = {
			isa = PBXGroup;
			children = (
				2642568E2B5EE07600010D91 /* MiamManager.swift */,
				2642568F2B5EE07600010D91 /* DemoBasketService.swift */,
				264256902B5EE07600010D91 /* PretendBasket */,
			);
			path = MiamInit;
			sourceTree = "<group>";
		};
		264256902B5EE07600010D91 /* PretendBasket */ = {
			isa = PBXGroup;
			children = (
				264256912B5EE07600010D91 /* PretendBasketViewController.swift */,
				264256922B5EE07600010D91 /* PretendProduct.swift */,
				264256932B5EE07600010D91 /* PretendBasket.swift */,
			);
			path = PretendBasket;
			sourceTree = "<group>";
		};
		26BE7E702A5C1C4B00F5F6FE /* Packages */ = {
			isa = PBXGroup;
			children = (
			);
			name = Packages;
			sourceTree = "<group>";
		};
		BF85056E28578EF800651864 = {
			isa = PBXGroup;
			children = (
				26B2A4062B6BE366008D8EBF /* GoogleService-Info.plist */,
				26BE7E702A5C1C4B00F5F6FE /* Packages */,
				26BE7E6E2A5C05C200F5F6FE /* .gitignore */,
				BF85057928578EF800651864 /* CoursesUDemo */,
				BF85057828578EF800651864 /* Products */,
				1AE3A23B7AB6AC351670F417 /* Frameworks */,
			);
			sourceTree = "<group>";
		};
		BF85057828578EF800651864 /* Products */ = {
			isa = PBXGroup;
			children = (
				BF85057728578EF800651864 /* CoursesUDemo.app */,
			);
			name = Products;
			sourceTree = "<group>";
		};
		BF85057928578EF800651864 /* CoursesUDemo */ = {
			isa = PBXGroup;
			children = (
				2642568D2B5EE07600010D91 /* MiamInit */,
				BF85057A28578EF800651864 /* AppDelegate.swift */,
				BF85057C28578EF800651864 /* SceneDelegate.swift */,
				BF85058028578EF800651864 /* Main.storyboard */,
				BF85058328578EFA00651864 /* Assets.xcassets */,
				BF85058528578EFA00651864 /* LaunchScreen.storyboard */,
				BF85058828578EFA00651864 /* Info.plist */,
				2672FECF2A49C51000D59745 /* RecipeCardHostingTableViewCell.swift */,
				2672FEE12A4C3EAB00D59745 /* DiscloseViewController.swift */,
				264256832B5ED7DF00010D91 /* MealzViewConfig.swift */,
			);
			path = CoursesUDemo;
			sourceTree = "<group>";
		};
/* End PBXGroup section */

/* Begin PBXNativeTarget section */
		BF85057628578EF800651864 /* CoursesUDemo */ = {
			isa = PBXNativeTarget;
			buildConfigurationList = BF85058B28578EFA00651864 /* Build configuration list for PBXNativeTarget "CoursesUDemo" */;
			buildPhases = (
				BF85057328578EF800651864 /* Sources */,
				BF85057428578EF800651864 /* Frameworks */,
				BF85057528578EF800651864 /* Resources */,
			);
			buildRules = (
			);
			dependencies = (
			);
			name = CoursesUDemo;
			packageProductDependencies = (
				26446FA62A6A7C8500395150 /* CoursesUxMiamFramework */,
				264256812B5ED70A00010D91 /* CoursesUxMiamFramework */,
				264256862B5ED82800010D91 /* MealzUIModuleIOS */,
				264256892B5ED83200010D91 /* MealzNavModuleIOS */,
				264B06852B6A8ED8001D219D /* FirebaseAppDistribution-Beta */,
			);
			productName = SampleUIKitIntegration;
			productReference = BF85057728578EF800651864 /* CoursesUDemo.app */;
			productType = "com.apple.product-type.application";
		};
/* End PBXNativeTarget section */

/* Begin PBXProject section */
		BF85056F28578EF800651864 /* Project object */ = {
			isa = PBXProject;
			attributes = {
				BuildIndependentTargetsInParallel = 1;
				LastSwiftUpdateCheck = 1340;
				LastUpgradeCheck = 1340;
				TargetAttributes = {
					BF85057628578EF800651864 = {
						CreatedOnToolsVersion = 13.4.1;
					};
				};
			};
			buildConfigurationList = BF85057228578EF800651864 /* Build configuration list for PBXProject "CoursesUDemo" */;
			compatibilityVersion = "Xcode 13.0";
			developmentRegion = fr;
			hasScannedForEncodings = 0;
			knownRegions = (
				en,
				Base,
				fr,
			);
			mainGroup = BF85056E28578EF800651864;
			packageReferences = (
				264256802B5ED70A00010D91 /* XCLocalSwiftPackageReference "../coursesU-x-Miam-Framework" */,
				264256852B5ED82800010D91 /* XCLocalSwiftPackageReference "../MealzUIModuleIOS" */,
				264256882B5ED83100010D91 /* XCLocalSwiftPackageReference "../MealzNavModuleIOS" */,
				264B06842B6A8ED8001D219D /* XCRemoteSwiftPackageReference "firebase-ios-sdk" */,
			);
			productRefGroup = BF85057828578EF800651864 /* Products */;
			projectDirPath = "";
			projectRoot = "";
			targets = (
				BF85057628578EF800651864 /* CoursesUDemo */,
			);
		};
/* End PBXProject section */

/* Begin PBXResourcesBuildPhase section */
		BF85057528578EF800651864 /* Resources */ = {
			isa = PBXResourcesBuildPhase;
			buildActionMask = 2147483647;
			files = (
				26B2A4072B6BE366008D8EBF /* GoogleService-Info.plist in Resources */,
				26BE7E6F2A5C05C300F5F6FE /* .gitignore in Resources */,
				BF85058728578EFA00651864 /* LaunchScreen.storyboard in Resources */,
				BF85058428578EFA00651864 /* Assets.xcassets in Resources */,
				BF85058228578EF800651864 /* Main.storyboard in Resources */,
			);
			runOnlyForDeploymentPostprocessing = 0;
		};
/* End PBXResourcesBuildPhase section */

/* Begin PBXSourcesBuildPhase section */
		BF85057328578EF800651864 /* Sources */ = {
			isa = PBXSourcesBuildPhase;
			buildActionMask = 2147483647;
			files = (
				264256942B5EE08400010D91 /* MiamManager.swift in Sources */,
				264256952B5EE08400010D91 /* DemoBasketService.swift in Sources */,
				264256962B5EE08400010D91 /* PretendBasketViewController.swift in Sources */,
				264256972B5EE08400010D91 /* PretendProduct.swift in Sources */,
				264256982B5EE08400010D91 /* PretendBasket.swift in Sources */,
				2672FED02A49C51000D59745 /* RecipeCardHostingTableViewCell.swift in Sources */,
				BF85057B28578EF800651864 /* AppDelegate.swift in Sources */,
				2672FEE22A4C3EAB00D59745 /* DiscloseViewController.swift in Sources */,
				264256842B5ED7DF00010D91 /* MealzViewConfig.swift in Sources */,
				BF85057D28578EF800651864 /* SceneDelegate.swift in Sources */,
			);
			runOnlyForDeploymentPostprocessing = 0;
		};
/* End PBXSourcesBuildPhase section */

/* Begin PBXVariantGroup section */
		BF85058028578EF800651864 /* Main.storyboard */ = {
			isa = PBXVariantGroup;
			children = (
				BF85058128578EF800651864 /* Base */,
				26B2A40A2B72741D008D8EBF /* en */,
			);
			name = Main.storyboard;
			sourceTree = "<group>";
		};
		BF85058528578EFA00651864 /* LaunchScreen.storyboard */ = {
			isa = PBXVariantGroup;
			children = (
				BF85058628578EFA00651864 /* Base */,
				26B2A40B2B72741D008D8EBF /* en */,
			);
			name = LaunchScreen.storyboard;
			sourceTree = "<group>";
		};
/* End PBXVariantGroup section */

/* Begin XCBuildConfiguration section */
		BF85058928578EFA00651864 /* Debug */ = {
			isa = XCBuildConfiguration;
			buildSettings = {
				ALWAYS_SEARCH_USER_PATHS = NO;
				CLANG_ANALYZER_LOCALIZABILITY_NONLOCALIZED = YES;
				CLANG_ANALYZER_NONNULL = YES;
				CLANG_ANALYZER_NUMBER_OBJECT_CONVERSION = YES_AGGRESSIVE;
				CLANG_CXX_LANGUAGE_STANDARD = "gnu++17";
				CLANG_ENABLE_MODULES = YES;
				CLANG_ENABLE_OBJC_ARC = YES;
				CLANG_ENABLE_OBJC_WEAK = YES;
				CLANG_WARN_BLOCK_CAPTURE_AUTORELEASING = YES;
				CLANG_WARN_BOOL_CONVERSION = YES;
				CLANG_WARN_COMMA = YES;
				CLANG_WARN_CONSTANT_CONVERSION = YES;
				CLANG_WARN_DEPRECATED_OBJC_IMPLEMENTATIONS = YES;
				CLANG_WARN_DIRECT_OBJC_ISA_USAGE = YES_ERROR;
				CLANG_WARN_DOCUMENTATION_COMMENTS = YES;
				CLANG_WARN_EMPTY_BODY = YES;
				CLANG_WARN_ENUM_CONVERSION = YES;
				CLANG_WARN_INFINITE_RECURSION = YES;
				CLANG_WARN_INT_CONVERSION = YES;
				CLANG_WARN_NON_LITERAL_NULL_CONVERSION = YES;
				CLANG_WARN_OBJC_IMPLICIT_RETAIN_SELF = YES;
				CLANG_WARN_OBJC_LITERAL_CONVERSION = YES;
				CLANG_WARN_OBJC_ROOT_CLASS = YES_ERROR;
				CLANG_WARN_QUOTED_INCLUDE_IN_FRAMEWORK_HEADER = YES;
				CLANG_WARN_RANGE_LOOP_ANALYSIS = YES;
				CLANG_WARN_STRICT_PROTOTYPES = YES;
				CLANG_WARN_SUSPICIOUS_MOVE = YES;
				CLANG_WARN_UNGUARDED_AVAILABILITY = YES_AGGRESSIVE;
				CLANG_WARN_UNREACHABLE_CODE = YES;
				CLANG_WARN__DUPLICATE_METHOD_MATCH = YES;
				COPY_PHASE_STRIP = NO;
				DEBUG_INFORMATION_FORMAT = dwarf;
				ENABLE_STRICT_OBJC_MSGSEND = YES;
				ENABLE_TESTABILITY = YES;
				GCC_C_LANGUAGE_STANDARD = gnu11;
				GCC_DYNAMIC_NO_PIC = NO;
				GCC_NO_COMMON_BLOCKS = YES;
				GCC_OPTIMIZATION_LEVEL = 0;
				GCC_PREPROCESSOR_DEFINITIONS = (
					"DEBUG=1",
					"$(inherited)",
				);
				GCC_WARN_64_TO_32_BIT_CONVERSION = YES;
				GCC_WARN_ABOUT_RETURN_TYPE = YES_ERROR;
				GCC_WARN_UNDECLARED_SELECTOR = YES;
				GCC_WARN_UNINITIALIZED_AUTOS = YES_AGGRESSIVE;
				GCC_WARN_UNUSED_FUNCTION = YES;
				GCC_WARN_UNUSED_VARIABLE = YES;
				IPHONEOS_DEPLOYMENT_TARGET = 14.0;
				MTL_ENABLE_DEBUG_INFO = INCLUDE_SOURCE;
				MTL_FAST_MATH = YES;
				ONLY_ACTIVE_ARCH = YES;
				SDKROOT = iphoneos;
				SWIFT_ACTIVE_COMPILATION_CONDITIONS = DEBUG;
				SWIFT_OPTIMIZATION_LEVEL = "-Onone";
			};
			name = Debug;
		};
		BF85058A28578EFA00651864 /* Release */ = {
			isa = XCBuildConfiguration;
			buildSettings = {
				ALWAYS_SEARCH_USER_PATHS = NO;
				CLANG_ANALYZER_LOCALIZABILITY_NONLOCALIZED = YES;
				CLANG_ANALYZER_NONNULL = YES;
				CLANG_ANALYZER_NUMBER_OBJECT_CONVERSION = YES_AGGRESSIVE;
				CLANG_CXX_LANGUAGE_STANDARD = "gnu++17";
				CLANG_ENABLE_MODULES = YES;
				CLANG_ENABLE_OBJC_ARC = YES;
				CLANG_ENABLE_OBJC_WEAK = YES;
				CLANG_WARN_BLOCK_CAPTURE_AUTORELEASING = YES;
				CLANG_WARN_BOOL_CONVERSION = YES;
				CLANG_WARN_COMMA = YES;
				CLANG_WARN_CONSTANT_CONVERSION = YES;
				CLANG_WARN_DEPRECATED_OBJC_IMPLEMENTATIONS = YES;
				CLANG_WARN_DIRECT_OBJC_ISA_USAGE = YES_ERROR;
				CLANG_WARN_DOCUMENTATION_COMMENTS = YES;
				CLANG_WARN_EMPTY_BODY = YES;
				CLANG_WARN_ENUM_CONVERSION = YES;
				CLANG_WARN_INFINITE_RECURSION = YES;
				CLANG_WARN_INT_CONVERSION = YES;
				CLANG_WARN_NON_LITERAL_NULL_CONVERSION = YES;
				CLANG_WARN_OBJC_IMPLICIT_RETAIN_SELF = YES;
				CLANG_WARN_OBJC_LITERAL_CONVERSION = YES;
				CLANG_WARN_OBJC_ROOT_CLASS = YES_ERROR;
				CLANG_WARN_QUOTED_INCLUDE_IN_FRAMEWORK_HEADER = YES;
				CLANG_WARN_RANGE_LOOP_ANALYSIS = YES;
				CLANG_WARN_STRICT_PROTOTYPES = YES;
				CLANG_WARN_SUSPICIOUS_MOVE = YES;
				CLANG_WARN_UNGUARDED_AVAILABILITY = YES_AGGRESSIVE;
				CLANG_WARN_UNREACHABLE_CODE = YES;
				CLANG_WARN__DUPLICATE_METHOD_MATCH = YES;
				COPY_PHASE_STRIP = NO;
				DEBUG_INFORMATION_FORMAT = "dwarf-with-dsym";
				ENABLE_NS_ASSERTIONS = NO;
				ENABLE_STRICT_OBJC_MSGSEND = YES;
				GCC_C_LANGUAGE_STANDARD = gnu11;
				GCC_NO_COMMON_BLOCKS = YES;
				GCC_WARN_64_TO_32_BIT_CONVERSION = YES;
				GCC_WARN_ABOUT_RETURN_TYPE = YES_ERROR;
				GCC_WARN_UNDECLARED_SELECTOR = YES;
				GCC_WARN_UNINITIALIZED_AUTOS = YES_AGGRESSIVE;
				GCC_WARN_UNUSED_FUNCTION = YES;
				GCC_WARN_UNUSED_VARIABLE = YES;
				IPHONEOS_DEPLOYMENT_TARGET = 14.0;
				MTL_ENABLE_DEBUG_INFO = NO;
				MTL_FAST_MATH = YES;
				SDKROOT = iphoneos;
				SWIFT_COMPILATION_MODE = wholemodule;
				SWIFT_OPTIMIZATION_LEVEL = "-O";
				VALIDATE_PRODUCT = YES;
			};
			name = Release;
		};
		BF85058C28578EFA00651864 /* Debug */ = {
			isa = XCBuildConfiguration;
			buildSettings = {
				ASSETCATALOG_COMPILER_APPICON_NAME = AppIcon;
				ASSETCATALOG_COMPILER_GLOBAL_ACCENT_COLOR_NAME = AccentColor;
				CODE_SIGN_IDENTITY = "Apple Development";
				CODE_SIGN_STYLE = Automatic;
				CURRENT_PROJECT_VERSION = 4;
				DEVELOPMENT_TEAM = VLHN7Y8965;
				GENERATE_INFOPLIST_FILE = YES;
				INFOPLIST_FILE = CoursesUDemo/Info.plist;
				INFOPLIST_KEY_UIApplicationSupportsIndirectInputEvents = YES;
				INFOPLIST_KEY_UILaunchStoryboardName = LaunchScreen;
				INFOPLIST_KEY_UIMainStoryboardFile = Main;
				INFOPLIST_KEY_UISupportedInterfaceOrientations = UIInterfaceOrientationPortrait;
				INFOPLIST_KEY_UISupportedInterfaceOrientations_iPad = "UIInterfaceOrientationLandscapeLeft UIInterfaceOrientationLandscapeRight UIInterfaceOrientationPortrait UIInterfaceOrientationPortraitUpsideDown";
				IPHONEOS_DEPLOYMENT_TARGET = 14.0;
				LD_RUNPATH_SEARCH_PATHS = (
					"$(inherited)",
					"@executable_path/Frameworks",
				);
				MARKETING_VERSION = 1.0.0;
				PRODUCT_BUNDLE_IDENTIFIER = Miam.CoursesUDemo;
				PRODUCT_NAME = "$(TARGET_NAME)";
				PROVISIONING_PROFILE_SPECIFIER = "";
				SWIFT_EMIT_LOC_STRINGS = YES;
				SWIFT_VERSION = 5.0;
				TARGETED_DEVICE_FAMILY = 1;
			};
			name = Debug;
		};
		BF85058D28578EFA00651864 /* Release */ = {
			isa = XCBuildConfiguration;
			buildSettings = {
				ASSETCATALOG_COMPILER_APPICON_NAME = AppIcon;
				ASSETCATALOG_COMPILER_GLOBAL_ACCENT_COLOR_NAME = AccentColor;
				CODE_SIGN_IDENTITY = "Apple Development";
				CODE_SIGN_STYLE = Automatic;
				CURRENT_PROJECT_VERSION = 4;
				DEVELOPMENT_TEAM = VLHN7Y8965;
				GENERATE_INFOPLIST_FILE = YES;
				INFOPLIST_FILE = CoursesUDemo/Info.plist;
				INFOPLIST_KEY_UIApplicationSupportsIndirectInputEvents = YES;
				INFOPLIST_KEY_UILaunchStoryboardName = LaunchScreen;
				INFOPLIST_KEY_UIMainStoryboardFile = Main;
				INFOPLIST_KEY_UISupportedInterfaceOrientations = UIInterfaceOrientationPortrait;
				INFOPLIST_KEY_UISupportedInterfaceOrientations_iPad = "UIInterfaceOrientationLandscapeLeft UIInterfaceOrientationLandscapeRight UIInterfaceOrientationPortrait UIInterfaceOrientationPortraitUpsideDown";
				IPHONEOS_DEPLOYMENT_TARGET = 14.0;
				LD_RUNPATH_SEARCH_PATHS = (
					"$(inherited)",
					"@executable_path/Frameworks",
				);
				MARKETING_VERSION = 1.0.0;
				PRODUCT_BUNDLE_IDENTIFIER = Miam.CoursesUDemo;
				PRODUCT_NAME = "$(TARGET_NAME)";
				PROVISIONING_PROFILE_SPECIFIER = "";
				SWIFT_EMIT_LOC_STRINGS = YES;
				SWIFT_VERSION = 5.0;
				TARGETED_DEVICE_FAMILY = 1;
			};
			name = Release;
		};
/* End XCBuildConfiguration section */

/* Begin XCConfigurationList section */
		BF85057228578EF800651864 /* Build configuration list for PBXProject "CoursesUDemo" */ = {
			isa = XCConfigurationList;
			buildConfigurations = (
				BF85058928578EFA00651864 /* Debug */,
				BF85058A28578EFA00651864 /* Release */,
			);
			defaultConfigurationIsVisible = 0;
			defaultConfigurationName = Release;
		};
		BF85058B28578EFA00651864 /* Build configuration list for PBXNativeTarget "CoursesUDemo" */ = {
			isa = XCConfigurationList;
			buildConfigurations = (
				BF85058C28578EFA00651864 /* Debug */,
				BF85058D28578EFA00651864 /* Release */,
			);
			defaultConfigurationIsVisible = 0;
			defaultConfigurationName = Release;
		};
/* End XCConfigurationList section */

/* Begin XCLocalSwiftPackageReference section */
		264256802B5ED70A00010D91 /* XCLocalSwiftPackageReference "../coursesU-x-Miam-Framework" */ = {
			isa = XCLocalSwiftPackageReference;
			relativePath = "../coursesU-x-Miam-Framework";
		};
		264256852B5ED82800010D91 /* XCLocalSwiftPackageReference "../MealzUIModuleIOS" */ = {
			isa = XCLocalSwiftPackageReference;
			relativePath = ../MealzUIModuleIOS;
		};
		264256882B5ED83100010D91 /* XCLocalSwiftPackageReference "../MealzNavModuleIOS" */ = {
			isa = XCLocalSwiftPackageReference;
			relativePath = ../MealzNavModuleIOS;
		};
/* End XCLocalSwiftPackageReference section */

/* Begin XCRemoteSwiftPackageReference section */
		264B06842B6A8ED8001D219D /* XCRemoteSwiftPackageReference "firebase-ios-sdk" */ = {
			isa = XCRemoteSwiftPackageReference;
			repositoryURL = "https://github.com/firebase/firebase-ios-sdk.git";
			requirement = {
				kind = upToNextMajorVersion;
				minimumVersion = 10.20.0;
			};
		};
/* End XCRemoteSwiftPackageReference section */

/* Begin XCSwiftPackageProductDependency section */
		264256812B5ED70A00010D91 /* CoursesUxMiamFramework */ = {
			isa = XCSwiftPackageProductDependency;
			productName = CoursesUxMiamFramework;
		};
		264256862B5ED82800010D91 /* MealzUIModuleIOS */ = {
			isa = XCSwiftPackageProductDependency;
			productName = MealzUIModuleIOS;
		};
		264256892B5ED83200010D91 /* MealzNavModuleIOS */ = {
			isa = XCSwiftPackageProductDependency;
			productName = MealzNavModuleIOS;
		};
		26446FA62A6A7C8500395150 /* CoursesUxMiamFramework */ = {
			isa = XCSwiftPackageProductDependency;
			productName = CoursesUxMiamFramework;
		};
		264B06852B6A8ED8001D219D /* FirebaseAppDistribution-Beta */ = {
			isa = XCSwiftPackageProductDependency;
			package = 264B06842B6A8ED8001D219D /* XCRemoteSwiftPackageReference "firebase-ios-sdk" */;
			productName = "FirebaseAppDistribution-Beta";
		};
/* End XCSwiftPackageProductDependency section */
	};
	rootObject = BF85056F28578EF800651864 /* Project object */;
}
