// !$*UTF8*$!
{
	archiveVersion = 1;
	classes = {
	};
	objectVersion = 55;
	objects = {

/* Begin PBXBuildFile section */
		262500892B68F32B0096631D /* DemoBasketService.swift in Sources */ = {isa = PBXBuildFile; fileRef = 262500882B68F32B0096631D /* DemoBasketService.swift */; };
		2625008B2B68F3490096631D /* MealzManager.swift in Sources */ = {isa = PBXBuildFile; fileRef = 2625008A2B68F3490096631D /* MealzManager.swift */; };
		2625008D2B68F36C0096631D /* PretendBasket.swift in Sources */ = {isa = PBXBuildFile; fileRef = 2625008C2B68F36C0096631D /* PretendBasket.swift */; };
		262500902B68F3AF0096631D /* PretendProduct.swift in Sources */ = {isa = PBXBuildFile; fileRef = 2625008F2B68F3AF0096631D /* PretendProduct.swift */; };
		262500922B68F4200096631D /* MealzViewConfig.swift in Sources */ = {isa = PBXBuildFile; fileRef = 262500912B68F4200096631D /* MealzViewConfig.swift */; };
		262500962B68FA4F0096631D /* GoogleService-Info.plist in Resources */ = {isa = PBXBuildFile; fileRef = 262500952B68FA4F0096631D /* GoogleService-Info.plist */; };
		26257E0A2A9A6FA100F85667 /* FirebaseAppDistribution-Beta in Frameworks */ = {isa = PBXBuildFile; productRef = 26257E092A9A6FA100F85667 /* FirebaseAppDistribution-Beta */; };
		2672FEE22A4C3EAB00D59745 /* DiscloseViewController.swift in Sources */ = {isa = PBXBuildFile; fileRef = 2672FEE12A4C3EAB00D59745 /* DiscloseViewController.swift */; };
		26BE7E6D2A5C048B00F5F6FE /* Podfile in Resources */ = {isa = PBXBuildFile; fileRef = 26BE7E6C2A5C048B00F5F6FE /* Podfile */; };
		26BE7E6F2A5C05C300F5F6FE /* .gitignore in Resources */ = {isa = PBXBuildFile; fileRef = 26BE7E6E2A5C05C200F5F6FE /* .gitignore */; };
		8822DF03CD2C18D549287865 /* Pods_CoursesUDemo.framework in Frameworks */ = {isa = PBXBuildFile; fileRef = B43CAA0436FE28548EB97A66 /* Pods_CoursesUDemo.framework */; };
		BF85057B28578EF800651864 /* AppDelegate.swift in Sources */ = {isa = PBXBuildFile; fileRef = BF85057A28578EF800651864 /* AppDelegate.swift */; };
		BF85057D28578EF800651864 /* SceneDelegate.swift in Sources */ = {isa = PBXBuildFile; fileRef = BF85057C28578EF800651864 /* SceneDelegate.swift */; };
		BF85058228578EF800651864 /* Main.storyboard in Resources */ = {isa = PBXBuildFile; fileRef = BF85058028578EF800651864 /* Main.storyboard */; };
		BF85058428578EFA00651864 /* Assets.xcassets in Resources */ = {isa = PBXBuildFile; fileRef = BF85058328578EFA00651864 /* Assets.xcassets */; };
		BF85058728578EFA00651864 /* LaunchScreen.storyboard in Resources */ = {isa = PBXBuildFile; fileRef = BF85058528578EFA00651864 /* LaunchScreen.storyboard */; };
/* End PBXBuildFile section */

/* Begin PBXFileReference section */
		031189EFA3907EA0F3E5BAE8 /* Pods-CoursesUDemo.debug.xcconfig */ = {isa = PBXFileReference; includeInIndex = 1; lastKnownFileType = text.xcconfig; name = "Pods-CoursesUDemo.debug.xcconfig"; path = "Target Support Files/Pods-CoursesUDemo/Pods-CoursesUDemo.debug.xcconfig"; sourceTree = "<group>"; };
		262500882B68F32B0096631D /* DemoBasketService.swift */ = {isa = PBXFileReference; lastKnownFileType = sourcecode.swift; path = DemoBasketService.swift; sourceTree = "<group>"; };
		2625008A2B68F3490096631D /* MealzManager.swift */ = {isa = PBXFileReference; lastKnownFileType = sourcecode.swift; path = MealzManager.swift; sourceTree = "<group>"; };
		2625008C2B68F36C0096631D /* PretendBasket.swift */ = {isa = PBXFileReference; lastKnownFileType = sourcecode.swift; path = PretendBasket.swift; sourceTree = "<group>"; };
		2625008F2B68F3AF0096631D /* PretendProduct.swift */ = {isa = PBXFileReference; lastKnownFileType = sourcecode.swift; path = PretendProduct.swift; sourceTree = "<group>"; };
		262500912B68F4200096631D /* MealzViewConfig.swift */ = {isa = PBXFileReference; lastKnownFileType = sourcecode.swift; path = MealzViewConfig.swift; sourceTree = "<group>"; };
		262500952B68FA4F0096631D /* GoogleService-Info.plist */ = {isa = PBXFileReference; fileEncoding = 4; lastKnownFileType = text.plist.xml; name = "GoogleService-Info.plist"; path = "../../../Downloads/GoogleService-Info.plist"; sourceTree = "<group>"; };
		2672FEE12A4C3EAB00D59745 /* DiscloseViewController.swift */ = {isa = PBXFileReference; lastKnownFileType = sourcecode.swift; path = DiscloseViewController.swift; sourceTree = "<group>"; };
		26BE7E6C2A5C048B00F5F6FE /* Podfile */ = {isa = PBXFileReference; lastKnownFileType = text; path = Podfile; sourceTree = "<group>"; xcLanguageSpecificationIdentifier = xcode.lang.ruby; };
		26BE7E6E2A5C05C200F5F6FE /* .gitignore */ = {isa = PBXFileReference; lastKnownFileType = text; path = .gitignore; sourceTree = "<group>"; };
		A6C665624341CCCBF8B7A29A /* Pods-CoursesUDemo.release.xcconfig */ = {isa = PBXFileReference; includeInIndex = 1; lastKnownFileType = text.xcconfig; name = "Pods-CoursesUDemo.release.xcconfig"; path = "Target Support Files/Pods-CoursesUDemo/Pods-CoursesUDemo.release.xcconfig"; sourceTree = "<group>"; };
		B43CAA0436FE28548EB97A66 /* Pods_CoursesUDemo.framework */ = {isa = PBXFileReference; explicitFileType = wrapper.framework; includeInIndex = 0; path = Pods_CoursesUDemo.framework; sourceTree = BUILT_PRODUCTS_DIR; };
		BF85057728578EF800651864 /* CoursesUDemo.app */ = {isa = PBXFileReference; explicitFileType = wrapper.application; includeInIndex = 0; path = CoursesUDemo.app; sourceTree = BUILT_PRODUCTS_DIR; };
		BF85057A28578EF800651864 /* AppDelegate.swift */ = {isa = PBXFileReference; lastKnownFileType = sourcecode.swift; path = AppDelegate.swift; sourceTree = "<group>"; };
		BF85057C28578EF800651864 /* SceneDelegate.swift */ = {isa = PBXFileReference; lastKnownFileType = sourcecode.swift; path = SceneDelegate.swift; sourceTree = "<group>"; };
		BF85058128578EF800651864 /* Base */ = {isa = PBXFileReference; lastKnownFileType = file.storyboard; name = Base; path = Base.lproj/Main.storyboard; sourceTree = "<group>"; };
		BF85058328578EFA00651864 /* Assets.xcassets */ = {isa = PBXFileReference; lastKnownFileType = folder.assetcatalog; path = Assets.xcassets; sourceTree = "<group>"; };
		BF85058628578EFA00651864 /* Base */ = {isa = PBXFileReference; lastKnownFileType = file.storyboard; name = Base; path = Base.lproj/LaunchScreen.storyboard; sourceTree = "<group>"; };
		BF85058828578EFA00651864 /* Info.plist */ = {isa = PBXFileReference; lastKnownFileType = text.plist.xml; path = Info.plist; sourceTree = "<group>"; };
/* End PBXFileReference section */

/* Begin PBXFrameworksBuildPhase section */
		BF85057428578EF800651864 /* Frameworks */ = {
			isa = PBXFrameworksBuildPhase;
			buildActionMask = 2147483647;
			files = (
				26257E0A2A9A6FA100F85667 /* FirebaseAppDistribution-Beta in Frameworks */,
				8822DF03CD2C18D549287865 /* Pods_CoursesUDemo.framework in Frameworks */,
			);
			runOnlyForDeploymentPostprocessing = 0;
		};
/* End PBXFrameworksBuildPhase section */

/* Begin PBXGroup section */
		1AE3A23B7AB6AC351670F417 /* Frameworks */ = {
			isa = PBXGroup;
			children = (
				B43CAA0436FE28548EB97A66 /* Pods_CoursesUDemo.framework */,
			);
			name = Frameworks;
			sourceTree = "<group>";
		};
		262500872B68F3190096631D /* MealzInit */ = {
			isa = PBXGroup;
			children = (
				2625008E2B68F3930096631D /* PretendBasket */,
				262500882B68F32B0096631D /* DemoBasketService.swift */,
				2625008A2B68F3490096631D /* MealzManager.swift */,
			);
			path = MealzInit;
			sourceTree = "<group>";
		};
		2625008E2B68F3930096631D /* PretendBasket */ = {
			isa = PBXGroup;
			children = (
				2625008C2B68F36C0096631D /* PretendBasket.swift */,
				2625008F2B68F3AF0096631D /* PretendProduct.swift */,
			);
			path = PretendBasket;
			sourceTree = "<group>";
		};
		784B9B48DAAA41984AFC9A59 /* Pods */ = {
			isa = PBXGroup;
			children = (
				031189EFA3907EA0F3E5BAE8 /* Pods-CoursesUDemo.debug.xcconfig */,
				A6C665624341CCCBF8B7A29A /* Pods-CoursesUDemo.release.xcconfig */,
			);
			path = Pods;
			sourceTree = "<group>";
		};
		BF85056E28578EF800651864 = {
			isa = PBXGroup;
			children = (
				262500952B68FA4F0096631D /* GoogleService-Info.plist */,
				26BE7E6E2A5C05C200F5F6FE /* .gitignore */,
				26BE7E6C2A5C048B00F5F6FE /* Podfile */,
				BF85057928578EF800651864 /* CoursesUDemo */,
				BF85057828578EF800651864 /* Products */,
				1AE3A23B7AB6AC351670F417 /* Frameworks */,
				784B9B48DAAA41984AFC9A59 /* Pods */,
			);
			sourceTree = "<group>";
		};
		BF85057828578EF800651864 /* Products */ = {
			isa = PBXGroup;
			children = (
				BF85057728578EF800651864 /* CoursesUDemo.app */,
			);
			name = Products;
			sourceTree = "<group>";
		};
		BF85057928578EF800651864 /* CoursesUDemo */ = {
			isa = PBXGroup;
			children = (
				262500872B68F3190096631D /* MealzInit */,
				BF85057A28578EF800651864 /* AppDelegate.swift */,
				BF85057C28578EF800651864 /* SceneDelegate.swift */,
				BF85058028578EF800651864 /* Main.storyboard */,
				BF85058328578EFA00651864 /* Assets.xcassets */,
				BF85058528578EFA00651864 /* LaunchScreen.storyboard */,
				BF85058828578EFA00651864 /* Info.plist */,
				2672FEE12A4C3EAB00D59745 /* DiscloseViewController.swift */,
				262500912B68F4200096631D /* MealzViewConfig.swift */,
			);
			path = CoursesUDemo;
			sourceTree = "<group>";
		};
/* End PBXGroup section */

/* Begin PBXNativeTarget section */
		BF85057628578EF800651864 /* CoursesUDemo */ = {
			isa = PBXNativeTarget;
			buildConfigurationList = BF85058B28578EFA00651864 /* Build configuration list for PBXNativeTarget "CoursesUDemo" */;
			buildPhases = (
				F9D28DD586669AEB0A9B7E17 /* [CP] Check Pods Manifest.lock */,
				BF85057328578EF800651864 /* Sources */,
				BF85057428578EF800651864 /* Frameworks */,
				BF85057528578EF800651864 /* Resources */,
				8C0054A33CA569A6CFF13B53 /* [CP] Embed Pods Frameworks */,
				8A6D0FA79B59BF8D80D4A93A /* [CP] Copy Pods Resources */,
			);
			buildRules = (
			);
			dependencies = (
			);
			name = CoursesUDemo;
			packageProductDependencies = (
				26257E092A9A6FA100F85667 /* FirebaseAppDistribution-Beta */,
			);
			productName = SampleUIKitIntegration;
			productReference = BF85057728578EF800651864 /* CoursesUDemo.app */;
			productType = "com.apple.product-type.application";
		};
/* End PBXNativeTarget section */

/* Begin PBXProject section */
		BF85056F28578EF800651864 /* Project object */ = {
			isa = PBXProject;
			attributes = {
				BuildIndependentTargetsInParallel = 1;
				LastSwiftUpdateCheck = 1340;
				LastUpgradeCheck = 1340;
				TargetAttributes = {
					BF85057628578EF800651864 = {
						CreatedOnToolsVersion = 13.4.1;
					};
				};
			};
			buildConfigurationList = BF85057228578EF800651864 /* Build configuration list for PBXProject "CoursesUDemo" */;
			compatibilityVersion = "Xcode 13.0";
			developmentRegion = en;
			hasScannedForEncodings = 0;
			knownRegions = (
				en,
				Base,
			);
			mainGroup = BF85056E28578EF800651864;
			packageReferences = (
				26257E082A9A6FA100F85667 /* XCRemoteSwiftPackageReference "firebase-ios-sdk" */,
			);
			productRefGroup = BF85057828578EF800651864 /* Products */;
			projectDirPath = "";
			projectRoot = "";
			targets = (
				BF85057628578EF800651864 /* CoursesUDemo */,
			);
		};
/* End PBXProject section */

/* Begin PBXResourcesBuildPhase section */
		BF85057528578EF800651864 /* Resources */ = {
			isa = PBXResourcesBuildPhase;
			buildActionMask = 2147483647;
			files = (
				26BE7E6F2A5C05C300F5F6FE /* .gitignore in Resources */,
				BF85058728578EFA00651864 /* LaunchScreen.storyboard in Resources */,
				BF85058428578EFA00651864 /* Assets.xcassets in Resources */,
				26BE7E6D2A5C048B00F5F6FE /* Podfile in Resources */,
				BF85058228578EF800651864 /* Main.storyboard in Resources */,
				262500962B68FA4F0096631D /* GoogleService-Info.plist in Resources */,
			);
			runOnlyForDeploymentPostprocessing = 0;
		};
/* End PBXResourcesBuildPhase section */

/* Begin PBXShellScriptBuildPhase section */
		8A6D0FA79B59BF8D80D4A93A /* [CP] Copy Pods Resources */ = {
			isa = PBXShellScriptBuildPhase;
			buildActionMask = 2147483647;
			files = (
			);
			inputFileListPaths = (
				"${PODS_ROOT}/Target Support Files/Pods-CoursesUDemo/Pods-CoursesUDemo-resources-${CONFIGURATION}-input-files.xcfilelist",
			);
			name = "[CP] Copy Pods Resources";
			outputFileListPaths = (
				"${PODS_ROOT}/Target Support Files/Pods-CoursesUDemo/Pods-CoursesUDemo-resources-${CONFIGURATION}-output-files.xcfilelist",
			);
			runOnlyForDeploymentPostprocessing = 0;
			shellPath = /bin/sh;
			shellScript = "\"${PODS_ROOT}/Target Support Files/Pods-CoursesUDemo/Pods-CoursesUDemo-resources.sh\"\n";
			showEnvVarsInLog = 0;
		};
		8C0054A33CA569A6CFF13B53 /* [CP] Embed Pods Frameworks */ = {
			isa = PBXShellScriptBuildPhase;
			buildActionMask = 2147483647;
			files = (
			);
			inputFileListPaths = (
				"${PODS_ROOT}/Target Support Files/Pods-CoursesUDemo/Pods-CoursesUDemo-frameworks-${CONFIGURATION}-input-files.xcfilelist",
			);
			name = "[CP] Embed Pods Frameworks";
			outputFileListPaths = (
				"${PODS_ROOT}/Target Support Files/Pods-CoursesUDemo/Pods-CoursesUDemo-frameworks-${CONFIGURATION}-output-files.xcfilelist",
			);
			runOnlyForDeploymentPostprocessing = 0;
			shellPath = /bin/sh;
			shellScript = "\"${PODS_ROOT}/Target Support Files/Pods-CoursesUDemo/Pods-CoursesUDemo-frameworks.sh\"\n";
			showEnvVarsInLog = 0;
		};
		F9D28DD586669AEB0A9B7E17 /* [CP] Check Pods Manifest.lock */ = {
			isa = PBXShellScriptBuildPhase;
			buildActionMask = 2147483647;
			files = (
			);
			inputFileListPaths = (
			);
			inputPaths = (
				"${PODS_PODFILE_DIR_PATH}/Podfile.lock",
				"${PODS_ROOT}/Manifest.lock",
			);
			name = "[CP] Check Pods Manifest.lock";
			outputFileListPaths = (
			);
			outputPaths = (
				"$(DERIVED_FILE_DIR)/Pods-CoursesUDemo-checkManifestLockResult.txt",
			);
			runOnlyForDeploymentPostprocessing = 0;
			shellPath = /bin/sh;
			shellScript = "diff \"${PODS_PODFILE_DIR_PATH}/Podfile.lock\" \"${PODS_ROOT}/Manifest.lock\" > /dev/null\nif [ $? != 0 ] ; then\n    # print error to STDERR\n    echo \"error: The sandbox is not in sync with the Podfile.lock. Run 'pod install' or update your CocoaPods installation.\" >&2\n    exit 1\nfi\n# This output is used by Xcode 'outputs' to avoid re-running this script phase.\necho \"SUCCESS\" > \"${SCRIPT_OUTPUT_FILE_0}\"\n";
			showEnvVarsInLog = 0;
		};
/* End PBXShellScriptBuildPhase section */

/* Begin PBXSourcesBuildPhase section */
		BF85057328578EF800651864 /* Sources */ = {
			isa = PBXSourcesBuildPhase;
			buildActionMask = 2147483647;
			files = (
				BF85057B28578EF800651864 /* AppDelegate.swift in Sources */,
				2625008B2B68F3490096631D /* MealzManager.swift in Sources */,
				262500922B68F4200096631D /* MealzViewConfig.swift in Sources */,
				2672FEE22A4C3EAB00D59745 /* DiscloseViewController.swift in Sources */,
				262500892B68F32B0096631D /* DemoBasketService.swift in Sources */,
				262500902B68F3AF0096631D /* PretendProduct.swift in Sources */,
				2625008D2B68F36C0096631D /* PretendBasket.swift in Sources */,
				BF85057D28578EF800651864 /* SceneDelegate.swift in Sources */,
			);
			runOnlyForDeploymentPostprocessing = 0;
		};
/* End PBXSourcesBuildPhase section */

/* Begin PBXVariantGroup section */
		BF85058028578EF800651864 /* Main.storyboard */ = {
			isa = PBXVariantGroup;
			children = (
				BF85058128578EF800651864 /* Base */,
			);
			name = Main.storyboard;
			sourceTree = "<group>";
		};
		BF85058528578EFA00651864 /* LaunchScreen.storyboard */ = {
			isa = PBXVariantGroup;
			children = (
				BF85058628578EFA00651864 /* Base */,
			);
			name = LaunchScreen.storyboard;
			sourceTree = "<group>";
		};
/* End PBXVariantGroup section */

/* Begin XCBuildConfiguration section */
		BF85058928578EFA00651864 /* Debug */ = {
			isa = XCBuildConfiguration;
			buildSettings = {
				ALWAYS_SEARCH_USER_PATHS = NO;
				CLANG_ANALYZER_NONNULL = YES;
				CLANG_ANALYZER_NUMBER_OBJECT_CONVERSION = YES_AGGRESSIVE;
				CLANG_CXX_LANGUAGE_STANDARD = "gnu++17";
				CLANG_ENABLE_MODULES = YES;
				CLANG_ENABLE_OBJC_ARC = YES;
				CLANG_ENABLE_OBJC_WEAK = YES;
				CLANG_WARN_BLOCK_CAPTURE_AUTORELEASING = YES;
				CLANG_WARN_BOOL_CONVERSION = YES;
				CLANG_WARN_COMMA = YES;
				CLANG_WARN_CONSTANT_CONVERSION = YES;
				CLANG_WARN_DEPRECATED_OBJC_IMPLEMENTATIONS = YES;
				CLANG_WARN_DIRECT_OBJC_ISA_USAGE = YES_ERROR;
				CLANG_WARN_DOCUMENTATION_COMMENTS = YES;
				CLANG_WARN_EMPTY_BODY = YES;
				CLANG_WARN_ENUM_CONVERSION = YES;
				CLANG_WARN_INFINITE_RECURSION = YES;
				CLANG_WARN_INT_CONVERSION = YES;
				CLANG_WARN_NON_LITERAL_NULL_CONVERSION = YES;
				CLANG_WARN_OBJC_IMPLICIT_RETAIN_SELF = YES;
				CLANG_WARN_OBJC_LITERAL_CONVERSION = YES;
				CLANG_WARN_OBJC_ROOT_CLASS = YES_ERROR;
				CLANG_WARN_QUOTED_INCLUDE_IN_FRAMEWORK_HEADER = YES;
				CLANG_WARN_RANGE_LOOP_ANALYSIS = YES;
				CLANG_WARN_STRICT_PROTOTYPES = YES;
				CLANG_WARN_SUSPICIOUS_MOVE = YES;
				CLANG_WARN_UNGUARDED_AVAILABILITY = YES_AGGRESSIVE;
				CLANG_WARN_UNREACHABLE_CODE = YES;
				CLANG_WARN__DUPLICATE_METHOD_MATCH = YES;
				COPY_PHASE_STRIP = NO;
				DEBUG_INFORMATION_FORMAT = dwarf;
				ENABLE_STRICT_OBJC_MSGSEND = YES;
				ENABLE_TESTABILITY = YES;
				GCC_C_LANGUAGE_STANDARD = gnu11;
				GCC_DYNAMIC_NO_PIC = NO;
				GCC_NO_COMMON_BLOCKS = YES;
				GCC_OPTIMIZATION_LEVEL = 0;
				GCC_PREPROCESSOR_DEFINITIONS = (
					"DEBUG=1",
					"$(inherited)",
				);
				GCC_WARN_64_TO_32_BIT_CONVERSION = YES;
				GCC_WARN_ABOUT_RETURN_TYPE = YES_ERROR;
				GCC_WARN_UNDECLARED_SELECTOR = YES;
				GCC_WARN_UNINITIALIZED_AUTOS = YES_AGGRESSIVE;
				GCC_WARN_UNUSED_FUNCTION = YES;
				GCC_WARN_UNUSED_VARIABLE = YES;
				IPHONEOS_DEPLOYMENT_TARGET = 15.5;
				MTL_ENABLE_DEBUG_INFO = INCLUDE_SOURCE;
				MTL_FAST_MATH = YES;
				ONLY_ACTIVE_ARCH = YES;
				SDKROOT = iphoneos;
				SWIFT_ACTIVE_COMPILATION_CONDITIONS = DEBUG;
				SWIFT_OPTIMIZATION_LEVEL = "-Onone";
			};
			name = Debug;
		};
		BF85058A28578EFA00651864 /* Release */ = {
			isa = XCBuildConfiguration;
			buildSettings = {
				ALWAYS_SEARCH_USER_PATHS = NO;
				CLANG_ANALYZER_NONNULL = YES;
				CLANG_ANALYZER_NUMBER_OBJECT_CONVERSION = YES_AGGRESSIVE;
				CLANG_CXX_LANGUAGE_STANDARD = "gnu++17";
				CLANG_ENABLE_MODULES = YES;
				CLANG_ENABLE_OBJC_ARC = YES;
				CLANG_ENABLE_OBJC_WEAK = YES;
				CLANG_WARN_BLOCK_CAPTURE_AUTORELEASING = YES;
				CLANG_WARN_BOOL_CONVERSION = YES;
				CLANG_WARN_COMMA = YES;
				CLANG_WARN_CONSTANT_CONVERSION = YES;
				CLANG_WARN_DEPRECATED_OBJC_IMPLEMENTATIONS = YES;
				CLANG_WARN_DIRECT_OBJC_ISA_USAGE = YES_ERROR;
				CLANG_WARN_DOCUMENTATION_COMMENTS = YES;
				CLANG_WARN_EMPTY_BODY = YES;
				CLANG_WARN_ENUM_CONVERSION = YES;
				CLANG_WARN_INFINITE_RECURSION = YES;
				CLANG_WARN_INT_CONVERSION = YES;
				CLANG_WARN_NON_LITERAL_NULL_CONVERSION = YES;
				CLANG_WARN_OBJC_IMPLICIT_RETAIN_SELF = YES;
				CLANG_WARN_OBJC_LITERAL_CONVERSION = YES;
				CLANG_WARN_OBJC_ROOT_CLASS = YES_ERROR;
				CLANG_WARN_QUOTED_INCLUDE_IN_FRAMEWORK_HEADER = YES;
				CLANG_WARN_RANGE_LOOP_ANALYSIS = YES;
				CLANG_WARN_STRICT_PROTOTYPES = YES;
				CLANG_WARN_SUSPICIOUS_MOVE = YES;
				CLANG_WARN_UNGUARDED_AVAILABILITY = YES_AGGRESSIVE;
				CLANG_WARN_UNREACHABLE_CODE = YES;
				CLANG_WARN__DUPLICATE_METHOD_MATCH = YES;
				COPY_PHASE_STRIP = NO;
				DEBUG_INFORMATION_FORMAT = "dwarf-with-dsym";
				ENABLE_NS_ASSERTIONS = NO;
				ENABLE_STRICT_OBJC_MSGSEND = YES;
				GCC_C_LANGUAGE_STANDARD = gnu11;
				GCC_NO_COMMON_BLOCKS = YES;
				GCC_WARN_64_TO_32_BIT_CONVERSION = YES;
				GCC_WARN_ABOUT_RETURN_TYPE = YES_ERROR;
				GCC_WARN_UNDECLARED_SELECTOR = YES;
				GCC_WARN_UNINITIALIZED_AUTOS = YES_AGGRESSIVE;
				GCC_WARN_UNUSED_FUNCTION = YES;
				GCC_WARN_UNUSED_VARIABLE = YES;
				IPHONEOS_DEPLOYMENT_TARGET = 15.5;
				MTL_ENABLE_DEBUG_INFO = NO;
				MTL_FAST_MATH = YES;
				SDKROOT = iphoneos;
				SWIFT_COMPILATION_MODE = wholemodule;
				SWIFT_OPTIMIZATION_LEVEL = "-O";
				VALIDATE_PRODUCT = YES;
			};
			name = Release;
		};
		BF85058C28578EFA00651864 /* Debug */ = {
			isa = XCBuildConfiguration;
			baseConfigurationReference = 031189EFA3907EA0F3E5BAE8 /* Pods-CoursesUDemo.debug.xcconfig */;
			buildSettings = {
				ASSETCATALOG_COMPILER_APPICON_NAME = AppIcon;
				ASSETCATALOG_COMPILER_GLOBAL_ACCENT_COLOR_NAME = AccentColor;
				CODE_SIGN_STYLE = Automatic;
				CURRENT_PROJECT_VERSION = 2;
				DEVELOPMENT_TEAM = VLHN7Y8965;
				GENERATE_INFOPLIST_FILE = YES;
				INFOPLIST_FILE = CoursesUDemo/Info.plist;
				INFOPLIST_KEY_CFBundleDisplayName = MiamCoursesUDemo;
				INFOPLIST_KEY_UIApplicationSupportsIndirectInputEvents = YES;
				INFOPLIST_KEY_UILaunchStoryboardName = LaunchScreen;
				INFOPLIST_KEY_UIMainStoryboardFile = Main;
				INFOPLIST_KEY_UISupportedInterfaceOrientations_iPad = "UIInterfaceOrientationPortrait UIInterfaceOrientationPortraitUpsideDown UIInterfaceOrientationLandscapeLeft UIInterfaceOrientationLandscapeRight";
				INFOPLIST_KEY_UISupportedInterfaceOrientations_iPhone = "UIInterfaceOrientationPortrait UIInterfaceOrientationLandscapeLeft UIInterfaceOrientationLandscapeRight";
				IPHONEOS_DEPLOYMENT_TARGET = 15.5;
				LD_RUNPATH_SEARCH_PATHS = (
					"$(inherited)",
					"@executable_path/Frameworks",
				);
				MARKETING_VERSION = 1.0.0;
				PRODUCT_BUNDLE_IDENTIFIER = Miam.CoursesUDemo;
				PRODUCT_NAME = "$(TARGET_NAME)";
				SWIFT_EMIT_LOC_STRINGS = YES;
				SWIFT_VERSION = 5.0;
				TARGETED_DEVICE_FAMILY = 1;
			};
			name = Debug;
		};
		BF85058D28578EFA00651864 /* Release */ = {
			isa = XCBuildConfiguration;
			baseConfigurationReference = A6C665624341CCCBF8B7A29A /* Pods-CoursesUDemo.release.xcconfig */;
			buildSettings = {
				ASSETCATALOG_COMPILER_APPICON_NAME = AppIcon;
				ASSETCATALOG_COMPILER_GLOBAL_ACCENT_COLOR_NAME = AccentColor;
				CODE_SIGN_STYLE = Automatic;
				CURRENT_PROJECT_VERSION = 2;
				DEVELOPMENT_TEAM = VLHN7Y8965;
				GENERATE_INFOPLIST_FILE = YES;
				INFOPLIST_FILE = CoursesUDemo/Info.plist;
				INFOPLIST_KEY_CFBundleDisplayName = MiamCoursesUDemo;
				INFOPLIST_KEY_UIApplicationSupportsIndirectInputEvents = YES;
				INFOPLIST_KEY_UILaunchStoryboardName = LaunchScreen;
				INFOPLIST_KEY_UIMainStoryboardFile = Main;
				INFOPLIST_KEY_UISupportedInterfaceOrientations_iPad = "UIInterfaceOrientationPortrait UIInterfaceOrientationPortraitUpsideDown UIInterfaceOrientationLandscapeLeft UIInterfaceOrientationLandscapeRight";
				INFOPLIST_KEY_UISupportedInterfaceOrientations_iPhone = "UIInterfaceOrientationPortrait UIInterfaceOrientationLandscapeLeft UIInterfaceOrientationLandscapeRight";
				IPHONEOS_DEPLOYMENT_TARGET = 15.5;
				LD_RUNPATH_SEARCH_PATHS = (
					"$(inherited)",
					"@executable_path/Frameworks",
				);
				MARKETING_VERSION = 1.0.0;
				PRODUCT_BUNDLE_IDENTIFIER = Miam.CoursesUDemo;
				PRODUCT_NAME = "$(TARGET_NAME)";
				SWIFT_EMIT_LOC_STRINGS = YES;
				SWIFT_VERSION = 5.0;
				TARGETED_DEVICE_FAMILY = 1;
			};
			name = Release;
		};
/* End XCBuildConfiguration section */

/* Begin XCConfigurationList section */
		BF85057228578EF800651864 /* Build configuration list for PBXProject "CoursesUDemo" */ = {
			isa = XCConfigurationList;
			buildConfigurations = (
				BF85058928578EFA00651864 /* Debug */,
				BF85058A28578EFA00651864 /* Release */,
			);
			defaultConfigurationIsVisible = 0;
			defaultConfigurationName = Release;
		};
		BF85058B28578EFA00651864 /* Build configuration list for PBXNativeTarget "CoursesUDemo" */ = {
			isa = XCConfigurationList;
			buildConfigurations = (
				BF85058C28578EFA00651864 /* Debug */,
				BF85058D28578EFA00651864 /* Release */,
			);
			defaultConfigurationIsVisible = 0;
			defaultConfigurationName = Release;
		};
/* End XCConfigurationList section */

/* Begin XCRemoteSwiftPackageReference section */
		26257E082A9A6FA100F85667 /* XCRemoteSwiftPackageReference "firebase-ios-sdk" */ = {
			isa = XCRemoteSwiftPackageReference;
			repositoryURL = "https://github.com/firebase/firebase-ios-sdk";
			requirement = {
				kind = upToNextMajorVersion;
				minimumVersion = 10.0.0;
			};
		};
/* End XCRemoteSwiftPackageReference section */

/* Begin XCSwiftPackageProductDependency section */
		26257E092A9A6FA100F85667 /* FirebaseAppDistribution-Beta */ = {
			isa = XCSwiftPackageProductDependency;
			package = 26257E082A9A6FA100F85667 /* XCRemoteSwiftPackageReference "firebase-ios-sdk" */;
			productName = "FirebaseAppDistribution-Beta";
		};
/* End XCSwiftPackageProductDependency section */
	};
	rootObject = BF85056F28578EF800651864 /* Project object */;
}
