// !$*UTF8*$!
{
	archiveVersion = 1;
	classes = {
	};
	objectVersion = 55;
	objects = {

/* Begin PBXBuildFile section */
		26257E072A9A6E6C00F85667 /* GoogleService-Info.plist in Resources */ = {isa = PBXBuildFile; fileRef = 26257E062A9A6E6B00F85667 /* GoogleService-Info.plist */; };
		26257E0A2A9A6FA100F85667 /* FirebaseAppDistribution-Beta in Frameworks */ = {isa = PBXBuildFile; productRef = 26257E092A9A6FA100F85667 /* FirebaseAppDistribution-Beta */; };
		26311D542A432F05005511D3 /* ReplaceMealViewController.swift in Sources */ = {isa = PBXBuildFile; fileRef = 26311D532A432F05005511D3 /* ReplaceMealViewController.swift */; };
		26311D562A433A8D005511D3 /* BasketPreviewViewController.swift in Sources */ = {isa = PBXBuildFile; fileRef = 26311D552A433A8D005511D3 /* BasketPreviewViewController.swift */; };
		26311D582A434233005511D3 /* RecapPurchaseViewController.swift in Sources */ = {isa = PBXBuildFile; fileRef = 26311D572A434233005511D3 /* RecapPurchaseViewController.swift */; };
		26552BC62A42F2A000238AC3 /* MealPlannerViewController.swift in Sources */ = {isa = PBXBuildFile; fileRef = 26552BC52A42F2A000238AC3 /* MealPlannerViewController.swift */; };
		266EA7252A56CDC1005F808D /* RecipeDetailsViewController.swift in Sources */ = {isa = PBXBuildFile; fileRef = 266EA7242A56CDC1005F808D /* RecipeDetailsViewController.swift */; };
		2672FEC92A498A1700D59745 /* CustomUIHostingController.swift in Sources */ = {isa = PBXBuildFile; fileRef = 2672FEC82A498A1700D59745 /* CustomUIHostingController.swift */; };
		2672FECC2A49C22900D59745 /* MealViewController.swift in Sources */ = {isa = PBXBuildFile; fileRef = 2672FECB2A49C22900D59745 /* MealViewController.swift */; };
		2672FECE2A49C4E500D59745 /* ProductTableViewCell.swift in Sources */ = {isa = PBXBuildFile; fileRef = 2672FECD2A49C4E500D59745 /* ProductTableViewCell.swift */; };
		2672FED02A49C51000D59745 /* RecipeCardHostingTableViewCell.swift in Sources */ = {isa = PBXBuildFile; fileRef = 2672FECF2A49C51000D59745 /* RecipeCardHostingTableViewCell.swift */; };
		2672FED22A49C54200D59745 /* RecipeSuggestionTestViewController.swift in Sources */ = {isa = PBXBuildFile; fileRef = 2672FED12A49C54200D59745 /* RecipeSuggestionTestViewController.swift */; };
		2672FED42A49C56000D59745 /* RecipesTableViewController.swift in Sources */ = {isa = PBXBuildFile; fileRef = 2672FED32A49C56000D59745 /* RecipesTableViewController.swift */; };
		2672FEE22A4C3EAB00D59745 /* DiscloseViewController.swift in Sources */ = {isa = PBXBuildFile; fileRef = 2672FEE12A4C3EAB00D59745 /* DiscloseViewController.swift */; };
		26BE7E6D2A5C048B00F5F6FE /* Podfile in Resources */ = {isa = PBXBuildFile; fileRef = 26BE7E6C2A5C048B00F5F6FE /* Podfile */; };
		26BE7E6F2A5C05C300F5F6FE /* .gitignore in Resources */ = {isa = PBXBuildFile; fileRef = 26BE7E6E2A5C05C200F5F6FE /* .gitignore */; };
		26E431DB2A543992002A9DAE /* ItemSelectorViewController.swift in Sources */ = {isa = PBXBuildFile; fileRef = 26E431DA2A543992002A9DAE /* ItemSelectorViewController.swift */; };
		BF1A8021287D913400F8FF9A /* MealPlannerFormViewController.swift in Sources */ = {isa = PBXBuildFile; fileRef = BF1A8020287D913400F8FF9A /* MealPlannerFormViewController.swift */; };
		BF85057B28578EF800651864 /* AppDelegate.swift in Sources */ = {isa = PBXBuildFile; fileRef = BF85057A28578EF800651864 /* AppDelegate.swift */; };
		BF85057D28578EF800651864 /* SceneDelegate.swift in Sources */ = {isa = PBXBuildFile; fileRef = BF85057C28578EF800651864 /* SceneDelegate.swift */; };
		BF85058228578EF800651864 /* Main.storyboard in Resources */ = {isa = PBXBuildFile; fileRef = BF85058028578EF800651864 /* Main.storyboard */; };
		BF85058428578EFA00651864 /* Assets.xcassets in Resources */ = {isa = PBXBuildFile; fileRef = BF85058328578EFA00651864 /* Assets.xcassets */; };
		BF85058728578EFA00651864 /* LaunchScreen.storyboard in Resources */ = {isa = PBXBuildFile; fileRef = BF85058528578EFA00651864 /* LaunchScreen.storyboard */; };
		CE1028A54E37B054A08D8073 /* Pods_SampleUIKitIntegration.framework in Frameworks */ = {isa = PBXBuildFile; fileRef = FF379CDCDD7138D503CB5173 /* Pods_SampleUIKitIntegration.framework */; };
/* End PBXBuildFile section */

/* Begin PBXFileReference section */
		26257E062A9A6E6B00F85667 /* GoogleService-Info.plist */ = {isa = PBXFileReference; fileEncoding = 4; lastKnownFileType = text.plist.xml; path = "GoogleService-Info.plist"; sourceTree = "<group>"; };
		26311D532A432F05005511D3 /* ReplaceMealViewController.swift */ = {isa = PBXFileReference; lastKnownFileType = sourcecode.swift; path = ReplaceMealViewController.swift; sourceTree = "<group>"; };
		26311D552A433A8D005511D3 /* BasketPreviewViewController.swift */ = {isa = PBXFileReference; lastKnownFileType = sourcecode.swift; path = BasketPreviewViewController.swift; sourceTree = "<group>"; };
		26311D572A434233005511D3 /* RecapPurchaseViewController.swift */ = {isa = PBXFileReference; lastKnownFileType = sourcecode.swift; path = RecapPurchaseViewController.swift; sourceTree = "<group>"; };
		26552BC52A42F2A000238AC3 /* MealPlannerViewController.swift */ = {isa = PBXFileReference; lastKnownFileType = sourcecode.swift; path = MealPlannerViewController.swift; sourceTree = "<group>"; };
		266EA7242A56CDC1005F808D /* RecipeDetailsViewController.swift */ = {isa = PBXFileReference; lastKnownFileType = sourcecode.swift; path = RecipeDetailsViewController.swift; sourceTree = "<group>"; };
		2672FEC82A498A1700D59745 /* CustomUIHostingController.swift */ = {isa = PBXFileReference; lastKnownFileType = sourcecode.swift; path = CustomUIHostingController.swift; sourceTree = "<group>"; };
		2672FECB2A49C22900D59745 /* MealViewController.swift */ = {isa = PBXFileReference; lastKnownFileType = sourcecode.swift; path = MealViewController.swift; sourceTree = "<group>"; };
		2672FECD2A49C4E500D59745 /* ProductTableViewCell.swift */ = {isa = PBXFileReference; lastKnownFileType = sourcecode.swift; path = ProductTableViewCell.swift; sourceTree = "<group>"; };
		2672FECF2A49C51000D59745 /* RecipeCardHostingTableViewCell.swift */ = {isa = PBXFileReference; lastKnownFileType = sourcecode.swift; path = RecipeCardHostingTableViewCell.swift; sourceTree = "<group>"; };
		2672FED12A49C54200D59745 /* RecipeSuggestionTestViewController.swift */ = {isa = PBXFileReference; lastKnownFileType = sourcecode.swift; path = RecipeSuggestionTestViewController.swift; sourceTree = "<group>"; };
		2672FED32A49C56000D59745 /* RecipesTableViewController.swift */ = {isa = PBXFileReference; lastKnownFileType = sourcecode.swift; path = RecipesTableViewController.swift; sourceTree = "<group>"; };
		2672FEE12A4C3EAB00D59745 /* DiscloseViewController.swift */ = {isa = PBXFileReference; lastKnownFileType = sourcecode.swift; path = DiscloseViewController.swift; sourceTree = "<group>"; };
		26BE7E6C2A5C048B00F5F6FE /* Podfile */ = {isa = PBXFileReference; lastKnownFileType = text; path = Podfile; sourceTree = "<group>"; };
		26BE7E6E2A5C05C200F5F6FE /* .gitignore */ = {isa = PBXFileReference; lastKnownFileType = text; path = .gitignore; sourceTree = "<group>"; };
		26E431DA2A543992002A9DAE /* ItemSelectorViewController.swift */ = {isa = PBXFileReference; lastKnownFileType = sourcecode.swift; path = ItemSelectorViewController.swift; sourceTree = "<group>"; };
		4085E1A84415A06BF033A0F0 /* Pods-SampleUIKitIntegration.release.xcconfig */ = {isa = PBXFileReference; includeInIndex = 1; lastKnownFileType = text.xcconfig; name = "Pods-SampleUIKitIntegration.release.xcconfig"; path = "Target Support Files/Pods-SampleUIKitIntegration/Pods-SampleUIKitIntegration.release.xcconfig"; sourceTree = "<group>"; };
		5A3A838777FCA4C1374E5C99 /* Pods-SampleUIKitIntegration.debug.xcconfig */ = {isa = PBXFileReference; includeInIndex = 1; lastKnownFileType = text.xcconfig; name = "Pods-SampleUIKitIntegration.debug.xcconfig"; path = "Target Support Files/Pods-SampleUIKitIntegration/Pods-SampleUIKitIntegration.debug.xcconfig"; sourceTree = "<group>"; };
		BF1A8020287D913400F8FF9A /* MealPlannerFormViewController.swift */ = {isa = PBXFileReference; lastKnownFileType = sourcecode.swift; path = MealPlannerFormViewController.swift; sourceTree = "<group>"; };
		BF85057728578EF800651864 /* SampleUIKitIntegration.app */ = {isa = PBXFileReference; explicitFileType = wrapper.application; includeInIndex = 0; path = SampleUIKitIntegration.app; sourceTree = BUILT_PRODUCTS_DIR; };
		BF85057A28578EF800651864 /* AppDelegate.swift */ = {isa = PBXFileReference; lastKnownFileType = sourcecode.swift; path = AppDelegate.swift; sourceTree = "<group>"; };
		BF85057C28578EF800651864 /* SceneDelegate.swift */ = {isa = PBXFileReference; lastKnownFileType = sourcecode.swift; path = SceneDelegate.swift; sourceTree = "<group>"; };
		BF85058128578EF800651864 /* Base */ = {isa = PBXFileReference; lastKnownFileType = file.storyboard; name = Base; path = Base.lproj/Main.storyboard; sourceTree = "<group>"; };
		BF85058328578EFA00651864 /* Assets.xcassets */ = {isa = PBXFileReference; lastKnownFileType = folder.assetcatalog; path = Assets.xcassets; sourceTree = "<group>"; };
		BF85058628578EFA00651864 /* Base */ = {isa = PBXFileReference; lastKnownFileType = file.storyboard; name = Base; path = Base.lproj/LaunchScreen.storyboard; sourceTree = "<group>"; };
		BF85058828578EFA00651864 /* Info.plist */ = {isa = PBXFileReference; lastKnownFileType = text.plist.xml; path = Info.plist; sourceTree = "<group>"; };
		FF379CDCDD7138D503CB5173 /* Pods_SampleUIKitIntegration.framework */ = {isa = PBXFileReference; explicitFileType = wrapper.framework; includeInIndex = 0; path = Pods_SampleUIKitIntegration.framework; sourceTree = BUILT_PRODUCTS_DIR; };
/* End PBXFileReference section */

/* Begin PBXFrameworksBuildPhase section */
		BF85057428578EF800651864 /* Frameworks */ = {
			isa = PBXFrameworksBuildPhase;
			buildActionMask = 2147483647;
			files = (
				CE1028A54E37B054A08D8073 /* Pods_SampleUIKitIntegration.framework in Frameworks */,
				26257E0A2A9A6FA100F85667 /* FirebaseAppDistribution-Beta in Frameworks */,
			);
			runOnlyForDeploymentPostprocessing = 0;
		};
/* End PBXFrameworksBuildPhase section */

/* Begin PBXGroup section */
		08E8219154A8B75664A73521 /* Pods */ = {
			isa = PBXGroup;
			children = (
				5A3A838777FCA4C1374E5C99 /* Pods-SampleUIKitIntegration.debug.xcconfig */,
				4085E1A84415A06BF033A0F0 /* Pods-SampleUIKitIntegration.release.xcconfig */,
			);
			path = Pods;
			sourceTree = "<group>";
		};
		1AE3A23B7AB6AC351670F417 /* Frameworks */ = {
			isa = PBXGroup;
			children = (
				FF379CDCDD7138D503CB5173 /* Pods_SampleUIKitIntegration.framework */,
			);
			name = Frameworks;
			sourceTree = "<group>";
		};
		BF85056E28578EF800651864 = {
			isa = PBXGroup;
			children = (
				26257E062A9A6E6B00F85667 /* GoogleService-Info.plist */,
				26BE7E6E2A5C05C200F5F6FE /* .gitignore */,
				26BE7E6C2A5C048B00F5F6FE /* Podfile */,
				BF85057928578EF800651864 /* SampleUIKitIntegration */,
				BF85057828578EF800651864 /* Products */,
				08E8219154A8B75664A73521 /* Pods */,
				1AE3A23B7AB6AC351670F417 /* Frameworks */,
			);
			sourceTree = "<group>";
		};
		BF85057828578EF800651864 /* Products */ = {
			isa = PBXGroup;
			children = (
				BF85057728578EF800651864 /* SampleUIKitIntegration.app */,
			);
			name = Products;
			sourceTree = "<group>";
		};
		BF85057928578EF800651864 /* SampleUIKitIntegration */ = {
			isa = PBXGroup;
			children = (
				BF85057A28578EF800651864 /* AppDelegate.swift */,
				BF85057C28578EF800651864 /* SceneDelegate.swift */,
				BF85058028578EF800651864 /* Main.storyboard */,
				BF85058328578EFA00651864 /* Assets.xcassets */,
				BF85058528578EFA00651864 /* LaunchScreen.storyboard */,
				BF85058828578EFA00651864 /* Info.plist */,
				BF1A8020287D913400F8FF9A /* MealPlannerFormViewController.swift */,
				26552BC52A42F2A000238AC3 /* MealPlannerViewController.swift */,
				26311D532A432F05005511D3 /* ReplaceMealViewController.swift */,
				26311D552A433A8D005511D3 /* BasketPreviewViewController.swift */,
				26311D572A434233005511D3 /* RecapPurchaseViewController.swift */,
				2672FEC82A498A1700D59745 /* CustomUIHostingController.swift */,
				2672FECB2A49C22900D59745 /* MealViewController.swift */,
				2672FECD2A49C4E500D59745 /* ProductTableViewCell.swift */,
				2672FECF2A49C51000D59745 /* RecipeCardHostingTableViewCell.swift */,
				2672FED12A49C54200D59745 /* RecipeSuggestionTestViewController.swift */,
				2672FED32A49C56000D59745 /* RecipesTableViewController.swift */,
				2672FEE12A4C3EAB00D59745 /* DiscloseViewController.swift */,
				26E431DA2A543992002A9DAE /* ItemSelectorViewController.swift */,
				266EA7242A56CDC1005F808D /* RecipeDetailsViewController.swift */,
			);
			path = SampleUIKitIntegration;
			sourceTree = "<group>";
		};
/* End PBXGroup section */

/* Begin PBXNativeTarget section */
		BF85057628578EF800651864 /* SampleUIKitIntegration */ = {
			isa = PBXNativeTarget;
			buildConfigurationList = BF85058B28578EFA00651864 /* Build configuration list for PBXNativeTarget "SampleUIKitIntegration" */;
			buildPhases = (
				F9D28DD586669AEB0A9B7E17 /* [CP] Check Pods Manifest.lock */,
				BF85057328578EF800651864 /* Sources */,
				BF85057428578EF800651864 /* Frameworks */,
				BF85057528578EF800651864 /* Resources */,
				8C0054A33CA569A6CFF13B53 /* [CP] Embed Pods Frameworks */,
			);
			buildRules = (
			);
			dependencies = (
			);
			name = SampleUIKitIntegration;
			packageProductDependencies = (
				26257E092A9A6FA100F85667 /* FirebaseAppDistribution-Beta */,
			);
			productName = SampleUIKitIntegration;
			productReference = BF85057728578EF800651864 /* SampleUIKitIntegration.app */;
			productType = "com.apple.product-type.application";
		};
/* End PBXNativeTarget section */

/* Begin PBXProject section */
		BF85056F28578EF800651864 /* Project object */ = {
			isa = PBXProject;
			attributes = {
				BuildIndependentTargetsInParallel = 1;
				LastSwiftUpdateCheck = 1340;
				LastUpgradeCheck = 1340;
				TargetAttributes = {
					BF85057628578EF800651864 = {
						CreatedOnToolsVersion = 13.4.1;
					};
				};
			};
			buildConfigurationList = BF85057228578EF800651864 /* Build configuration list for PBXProject "SampleUIKitIntegration" */;
			compatibilityVersion = "Xcode 13.0";
			developmentRegion = en;
			hasScannedForEncodings = 0;
			knownRegions = (
				en,
				Base,
			);
			mainGroup = BF85056E28578EF800651864;
			packageReferences = (
				26257E082A9A6FA100F85667 /* XCRemoteSwiftPackageReference "firebase-ios-sdk" */,
			);
			productRefGroup = BF85057828578EF800651864 /* Products */;
			projectDirPath = "";
			projectRoot = "";
			targets = (
				BF85057628578EF800651864 /* SampleUIKitIntegration */,
			);
		};
/* End PBXProject section */

/* Begin PBXResourcesBuildPhase section */
		BF85057528578EF800651864 /* Resources */ = {
			isa = PBXResourcesBuildPhase;
			buildActionMask = 2147483647;
			files = (
				26BE7E6F2A5C05C300F5F6FE /* .gitignore in Resources */,
				BF85058728578EFA00651864 /* LaunchScreen.storyboard in Resources */,
				BF85058428578EFA00651864 /* Assets.xcassets in Resources */,
				26BE7E6D2A5C048B00F5F6FE /* Podfile in Resources */,
				BF85058228578EF800651864 /* Main.storyboard in Resources */,
				26257E072A9A6E6C00F85667 /* GoogleService-Info.plist in Resources */,
			);
			runOnlyForDeploymentPostprocessing = 0;
		};
/* End PBXResourcesBuildPhase section */

/* Begin PBXShellScriptBuildPhase section */
		8C0054A33CA569A6CFF13B53 /* [CP] Embed Pods Frameworks */ = {
			isa = PBXShellScriptBuildPhase;
			buildActionMask = 2147483647;
			files = (
			);
			inputFileListPaths = (
				"${PODS_ROOT}/Target Support Files/Pods-SampleUIKitIntegration/Pods-SampleUIKitIntegration-frameworks-${CONFIGURATION}-input-files.xcfilelist",
			);
			name = "[CP] Embed Pods Frameworks";
			outputFileListPaths = (
				"${PODS_ROOT}/Target Support Files/Pods-SampleUIKitIntegration/Pods-SampleUIKitIntegration-frameworks-${CONFIGURATION}-output-files.xcfilelist",
			);
			runOnlyForDeploymentPostprocessing = 0;
			shellPath = /bin/sh;
			shellScript = "\"${PODS_ROOT}/Target Support Files/Pods-SampleUIKitIntegration/Pods-SampleUIKitIntegration-frameworks.sh\"\n";
			showEnvVarsInLog = 0;
		};
		F9D28DD586669AEB0A9B7E17 /* [CP] Check Pods Manifest.lock */ = {
			isa = PBXShellScriptBuildPhase;
			buildActionMask = 2147483647;
			files = (
			);
			inputFileListPaths = (
			);
			inputPaths = (
				"${PODS_PODFILE_DIR_PATH}/Podfile.lock",
				"${PODS_ROOT}/Manifest.lock",
			);
			name = "[CP] Check Pods Manifest.lock";
			outputFileListPaths = (
			);
			outputPaths = (
				"$(DERIVED_FILE_DIR)/Pods-SampleUIKitIntegration-checkManifestLockResult.txt",
			);
			runOnlyForDeploymentPostprocessing = 0;
			shellPath = /bin/sh;
			shellScript = "diff \"${PODS_PODFILE_DIR_PATH}/Podfile.lock\" \"${PODS_ROOT}/Manifest.lock\" > /dev/null\nif [ $? != 0 ] ; then\n    # print error to STDERR\n    echo \"error: The sandbox is not in sync with the Podfile.lock. Run 'pod install' or update your CocoaPods installation.\" >&2\n    exit 1\nfi\n# This output is used by Xcode 'outputs' to avoid re-running this script phase.\necho \"SUCCESS\" > \"${SCRIPT_OUTPUT_FILE_0}\"\n";
			showEnvVarsInLog = 0;
		};
/* End PBXShellScriptBuildPhase section */

/* Begin PBXSourcesBuildPhase section */
		BF85057328578EF800651864 /* Sources */ = {
			isa = PBXSourcesBuildPhase;
			buildActionMask = 2147483647;
			files = (
				2672FED02A49C51000D59745 /* RecipeCardHostingTableViewCell.swift in Sources */,
				26311D562A433A8D005511D3 /* BasketPreviewViewController.swift in Sources */,
				26552BC62A42F2A000238AC3 /* MealPlannerViewController.swift in Sources */,
				26E431DB2A543992002A9DAE /* ItemSelectorViewController.swift in Sources */,
				BF1A8021287D913400F8FF9A /* MealPlannerFormViewController.swift in Sources */,
				2672FED42A49C56000D59745 /* RecipesTableViewController.swift in Sources */,
				26311D582A434233005511D3 /* RecapPurchaseViewController.swift in Sources */,
				BF85057B28578EF800651864 /* AppDelegate.swift in Sources */,
				2672FEC92A498A1700D59745 /* CustomUIHostingController.swift in Sources */,
				2672FEE22A4C3EAB00D59745 /* DiscloseViewController.swift in Sources */,
				26311D542A432F05005511D3 /* ReplaceMealViewController.swift in Sources */,
				266EA7252A56CDC1005F808D /* RecipeDetailsViewController.swift in Sources */,
				2672FECE2A49C4E500D59745 /* ProductTableViewCell.swift in Sources */,
				BF85057D28578EF800651864 /* SceneDelegate.swift in Sources */,
				2672FED22A49C54200D59745 /* RecipeSuggestionTestViewController.swift in Sources */,
				2672FECC2A49C22900D59745 /* MealViewController.swift in Sources */,
			);
			runOnlyForDeploymentPostprocessing = 0;
		};
/* End PBXSourcesBuildPhase section */

/* Begin PBXVariantGroup section */
		BF85058028578EF800651864 /* Main.storyboard */ = {
			isa = PBXVariantGroup;
			children = (
				BF85058128578EF800651864 /* Base */,
			);
			name = Main.storyboard;
			sourceTree = "<group>";
		};
		BF85058528578EFA00651864 /* LaunchScreen.storyboard */ = {
			isa = PBXVariantGroup;
			children = (
				BF85058628578EFA00651864 /* Base */,
			);
			name = LaunchScreen.storyboard;
			sourceTree = "<group>";
		};
/* End PBXVariantGroup section */

/* Begin XCBuildConfiguration section */
		BF85058928578EFA00651864 /* Debug */ = {
			isa = XCBuildConfiguration;
			buildSettings = {
				ALWAYS_SEARCH_USER_PATHS = NO;
				CLANG_ANALYZER_NONNULL = YES;
				CLANG_ANALYZER_NUMBER_OBJECT_CONVERSION = YES_AGGRESSIVE;
				CLANG_CXX_LANGUAGE_STANDARD = "gnu++17";
				CLANG_ENABLE_MODULES = YES;
				CLANG_ENABLE_OBJC_ARC = YES;
				CLANG_ENABLE_OBJC_WEAK = YES;
				CLANG_WARN_BLOCK_CAPTURE_AUTORELEASING = YES;
				CLANG_WARN_BOOL_CONVERSION = YES;
				CLANG_WARN_COMMA = YES;
				CLANG_WARN_CONSTANT_CONVERSION = YES;
				CLANG_WARN_DEPRECATED_OBJC_IMPLEMENTATIONS = YES;
				CLANG_WARN_DIRECT_OBJC_ISA_USAGE = YES_ERROR;
				CLANG_WARN_DOCUMENTATION_COMMENTS = YES;
				CLANG_WARN_EMPTY_BODY = YES;
				CLANG_WARN_ENUM_CONVERSION = YES;
				CLANG_WARN_INFINITE_RECURSION = YES;
				CLANG_WARN_INT_CONVERSION = YES;
				CLANG_WARN_NON_LITERAL_NULL_CONVERSION = YES;
				CLANG_WARN_OBJC_IMPLICIT_RETAIN_SELF = YES;
				CLANG_WARN_OBJC_LITERAL_CONVERSION = YES;
				CLANG_WARN_OBJC_ROOT_CLASS = YES_ERROR;
				CLANG_WARN_QUOTED_INCLUDE_IN_FRAMEWORK_HEADER = YES;
				CLANG_WARN_RANGE_LOOP_ANALYSIS = YES;
				CLANG_WARN_STRICT_PROTOTYPES = YES;
				CLANG_WARN_SUSPICIOUS_MOVE = YES;
				CLANG_WARN_UNGUARDED_AVAILABILITY = YES_AGGRESSIVE;
				CLANG_WARN_UNREACHABLE_CODE = YES;
				CLANG_WARN__DUPLICATE_METHOD_MATCH = YES;
				COPY_PHASE_STRIP = NO;
				DEBUG_INFORMATION_FORMAT = dwarf;
				ENABLE_STRICT_OBJC_MSGSEND = YES;
				ENABLE_TESTABILITY = YES;
				GCC_C_LANGUAGE_STANDARD = gnu11;
				GCC_DYNAMIC_NO_PIC = NO;
				GCC_NO_COMMON_BLOCKS = YES;
				GCC_OPTIMIZATION_LEVEL = 0;
				GCC_PREPROCESSOR_DEFINITIONS = (
					"DEBUG=1",
					"$(inherited)",
				);
				GCC_WARN_64_TO_32_BIT_CONVERSION = YES;
				GCC_WARN_ABOUT_RETURN_TYPE = YES_ERROR;
				GCC_WARN_UNDECLARED_SELECTOR = YES;
				GCC_WARN_UNINITIALIZED_AUTOS = YES_AGGRESSIVE;
				GCC_WARN_UNUSED_FUNCTION = YES;
				GCC_WARN_UNUSED_VARIABLE = YES;
				IPHONEOS_DEPLOYMENT_TARGET = 15.5;
				MTL_ENABLE_DEBUG_INFO = INCLUDE_SOURCE;
				MTL_FAST_MATH = YES;
				ONLY_ACTIVE_ARCH = YES;
				SDKROOT = iphoneos;
				SWIFT_ACTIVE_COMPILATION_CONDITIONS = DEBUG;
				SWIFT_OPTIMIZATION_LEVEL = "-Onone";
			};
			name = Debug;
		};
		BF85058A28578EFA00651864 /* Release */ = {
			isa = XCBuildConfiguration;
			buildSettings = {
				ALWAYS_SEARCH_USER_PATHS = NO;
				CLANG_ANALYZER_NONNULL = YES;
				CLANG_ANALYZER_NUMBER_OBJECT_CONVERSION = YES_AGGRESSIVE;
				CLANG_CXX_LANGUAGE_STANDARD = "gnu++17";
				CLANG_ENABLE_MODULES = YES;
				CLANG_ENABLE_OBJC_ARC = YES;
				CLANG_ENABLE_OBJC_WEAK = YES;
				CLANG_WARN_BLOCK_CAPTURE_AUTORELEASING = YES;
				CLANG_WARN_BOOL_CONVERSION = YES;
				CLANG_WARN_COMMA = YES;
				CLANG_WARN_CONSTANT_CONVERSION = YES;
				CLANG_WARN_DEPRECATED_OBJC_IMPLEMENTATIONS = YES;
				CLANG_WARN_DIRECT_OBJC_ISA_USAGE = YES_ERROR;
				CLANG_WARN_DOCUMENTATION_COMMENTS = YES;
				CLANG_WARN_EMPTY_BODY = YES;
				CLANG_WARN_ENUM_CONVERSION = YES;
				CLANG_WARN_INFINITE_RECURSION = YES;
				CLANG_WARN_INT_CONVERSION = YES;
				CLANG_WARN_NON_LITERAL_NULL_CONVERSION = YES;
				CLANG_WARN_OBJC_IMPLICIT_RETAIN_SELF = YES;
				CLANG_WARN_OBJC_LITERAL_CONVERSION = YES;
				CLANG_WARN_OBJC_ROOT_CLASS = YES_ERROR;
				CLANG_WARN_QUOTED_INCLUDE_IN_FRAMEWORK_HEADER = YES;
				CLANG_WARN_RANGE_LOOP_ANALYSIS = YES;
				CLANG_WARN_STRICT_PROTOTYPES = YES;
				CLANG_WARN_SUSPICIOUS_MOVE = YES;
				CLANG_WARN_UNGUARDED_AVAILABILITY = YES_AGGRESSIVE;
				CLANG_WARN_UNREACHABLE_CODE = YES;
				CLANG_WARN__DUPLICATE_METHOD_MATCH = YES;
				COPY_PHASE_STRIP = NO;
				DEBUG_INFORMATION_FORMAT = "dwarf-with-dsym";
				ENABLE_NS_ASSERTIONS = NO;
				ENABLE_STRICT_OBJC_MSGSEND = YES;
				GCC_C_LANGUAGE_STANDARD = gnu11;
				GCC_NO_COMMON_BLOCKS = YES;
				GCC_WARN_64_TO_32_BIT_CONVERSION = YES;
				GCC_WARN_ABOUT_RETURN_TYPE = YES_ERROR;
				GCC_WARN_UNDECLARED_SELECTOR = YES;
				GCC_WARN_UNINITIALIZED_AUTOS = YES_AGGRESSIVE;
				GCC_WARN_UNUSED_FUNCTION = YES;
				GCC_WARN_UNUSED_VARIABLE = YES;
				IPHONEOS_DEPLOYMENT_TARGET = 15.5;
				MTL_ENABLE_DEBUG_INFO = NO;
				MTL_FAST_MATH = YES;
				SDKROOT = iphoneos;
				SWIFT_COMPILATION_MODE = wholemodule;
				SWIFT_OPTIMIZATION_LEVEL = "-O";
				VALIDATE_PRODUCT = YES;
			};
			name = Release;
		};
		BF85058C28578EFA00651864 /* Debug */ = {
			isa = XCBuildConfiguration;
			baseConfigurationReference = 5A3A838777FCA4C1374E5C99 /* Pods-SampleUIKitIntegration.debug.xcconfig */;
			buildSettings = {
				ASSETCATALOG_COMPILER_APPICON_NAME = AppIcon;
				ASSETCATALOG_COMPILER_GLOBAL_ACCENT_COLOR_NAME = AccentColor;
				CODE_SIGN_STYLE = Automatic;
				CURRENT_PROJECT_VERSION = 3;
				DEVELOPMENT_TEAM = VLHN7Y8965;
				GENERATE_INFOPLIST_FILE = YES;
				INFOPLIST_FILE = SampleUIKitIntegration/Info.plist;
				INFOPLIST_KEY_CFBundleDisplayName = MiamCoursesUDemo;
				INFOPLIST_KEY_UIApplicationSupportsIndirectInputEvents = YES;
				INFOPLIST_KEY_UILaunchStoryboardName = LaunchScreen;
				INFOPLIST_KEY_UIMainStoryboardFile = Main;
				INFOPLIST_KEY_UISupportedInterfaceOrientations_iPad = "UIInterfaceOrientationPortrait UIInterfaceOrientationPortraitUpsideDown UIInterfaceOrientationLandscapeLeft UIInterfaceOrientationLandscapeRight";
				INFOPLIST_KEY_UISupportedInterfaceOrientations_iPhone = "UIInterfaceOrientationPortrait UIInterfaceOrientationLandscapeLeft UIInterfaceOrientationLandscapeRight";
				IPHONEOS_DEPLOYMENT_TARGET = 15.5;
				LD_RUNPATH_SEARCH_PATHS = (
					"$(inherited)",
					"@executable_path/Frameworks",
				);
				MARKETING_VERSION = 1.0.7;
				PRODUCT_BUNDLE_IDENTIFIER = Miam.SampleUIKitIntegration;
				PRODUCT_NAME = "$(TARGET_NAME)";
				SWIFT_EMIT_LOC_STRINGS = YES;
				SWIFT_VERSION = 5.0;
				TARGETED_DEVICE_FAMILY = 1;
			};
			name = Debug;
		};
		BF85058D28578EFA00651864 /* Release */ = {
			isa = XCBuildConfiguration;
			baseConfigurationReference = 4085E1A84415A06BF033A0F0 /* Pods-SampleUIKitIntegration.release.xcconfig */;
			buildSettings = {
				ASSETCATALOG_COMPILER_APPICON_NAME = AppIcon;
				ASSETCATALOG_COMPILER_GLOBAL_ACCENT_COLOR_NAME = AccentColor;
				CODE_SIGN_STYLE = Automatic;
				CURRENT_PROJECT_VERSION = 3;
				DEVELOPMENT_TEAM = VLHN7Y8965;
				GENERATE_INFOPLIST_FILE = YES;
				INFOPLIST_FILE = SampleUIKitIntegration/Info.plist;
				INFOPLIST_KEY_CFBundleDisplayName = MiamCoursesUDemo;
				INFOPLIST_KEY_UIApplicationSupportsIndirectInputEvents = YES;
				INFOPLIST_KEY_UILaunchStoryboardName = LaunchScreen;
				INFOPLIST_KEY_UIMainStoryboardFile = Main;
				INFOPLIST_KEY_UISupportedInterfaceOrientations_iPad = "UIInterfaceOrientationPortrait UIInterfaceOrientationPortraitUpsideDown UIInterfaceOrientationLandscapeLeft UIInterfaceOrientationLandscapeRight";
				INFOPLIST_KEY_UISupportedInterfaceOrientations_iPhone = "UIInterfaceOrientationPortrait UIInterfaceOrientationLandscapeLeft UIInterfaceOrientationLandscapeRight";
				IPHONEOS_DEPLOYMENT_TARGET = 15.5;
				LD_RUNPATH_SEARCH_PATHS = (
					"$(inherited)",
					"@executable_path/Frameworks",
				);
				MARKETING_VERSION = 1.0.7;
				PRODUCT_BUNDLE_IDENTIFIER = Miam.SampleUIKitIntegration;
				PRODUCT_NAME = "$(TARGET_NAME)";
				SWIFT_EMIT_LOC_STRINGS = YES;
				SWIFT_VERSION = 5.0;
				TARGETED_DEVICE_FAMILY = 1;
			};
			name = Release;
		};
/* End XCBuildConfiguration section */

/* Begin XCConfigurationList section */
		BF85057228578EF800651864 /* Build configuration list for PBXProject "SampleUIKitIntegration" */ = {
			isa = XCConfigurationList;
			buildConfigurations = (
				BF85058928578EFA00651864 /* Debug */,
				BF85058A28578EFA00651864 /* Release */,
			);
			defaultConfigurationIsVisible = 0;
			defaultConfigurationName = Release;
		};
		BF85058B28578EFA00651864 /* Build configuration list for PBXNativeTarget "SampleUIKitIntegration" */ = {
			isa = XCConfigurationList;
			buildConfigurations = (
				BF85058C28578EFA00651864 /* Debug */,
				BF85058D28578EFA00651864 /* Release */,
			);
			defaultConfigurationIsVisible = 0;
			defaultConfigurationName = Release;
		};
/* End XCConfigurationList section */

/* Begin XCRemoteSwiftPackageReference section */
		26257E082A9A6FA100F85667 /* XCRemoteSwiftPackageReference "firebase-ios-sdk" */ = {
			isa = XCRemoteSwiftPackageReference;
			repositoryURL = "https://github.com/firebase/firebase-ios-sdk";
			requirement = {
				kind = upToNextMajorVersion;
				minimumVersion = 10.0.0;
			};
		};
/* End XCRemoteSwiftPackageReference section */

/* Begin XCSwiftPackageProductDependency section */
		26257E092A9A6FA100F85667 /* FirebaseAppDistribution-Beta */ = {
			isa = XCSwiftPackageProductDependency;
			package = 26257E082A9A6FA100F85667 /* XCRemoteSwiftPackageReference "firebase-ios-sdk" */;
			productName = "FirebaseAppDistribution-Beta";
		};
/* End XCSwiftPackageProductDependency section */
	};
	rootObject = BF85056F28578EF800651864 /* Project object */;
}
